PODS:
  - Alamofire (5.5.0)
  - CocoaMQTT (2.1.0):
    - CocoaMQTT/Core (= 2.1.0)
  - CocoaMQTT/Core (2.1.0):
    - MqttCocoaAsyncSocket (~> 1.0.8)
  - CryptoSwift (1.0.0)
  - Eureka (5.4.0)
  - JOSESwift (2.4.0)
  - MqttCocoaAsyncSocket (1.0.8)
  - PercentEncoder (1.2.1)
  - PinOnMobile-lib (0.1.0):
    - Alamofire (~> 5.5.0)
    - CocoaMQTT (~> 2.1.0)
    - CryptoSwift (~> 1.0.0)
    - JOSESwift (~> 2.3)
    - PercentEncoder (~> 1.2.1)
    - SwiftyRSA (~> 1.5.0)
  - SwiftyRSA (1.5.0):
    - SwiftyRSA/ObjC (= 1.5.0)
  - SwiftyRSA/ObjC (1.5.0)

DEPENDENCIES:
  - Alamofire (= 5.5.0)
  - CocoaMQTT (= 2.1.0)
  - CryptoSwift (= 1.0.0)
  - Eureka (~> 5.4)
  - PercentEncoder (= 1.2.1)
  - PinOnMobile-lib (from `../`)
  - SwiftyRSA (= 1.5.0)

SPEC REPOS:
  trunk:
    - Alamofire
    - CocoaMQTT
    - CryptoSwift
    - Eureka
    - JOSESwift
    - MqttCocoaAsyncSocket
    - PercentEncoder
    - SwiftyRSA

EXTERNAL SOURCES:
  PinOnMobile-lib:
    :path: "../"

SPEC CHECKSUMS:
  Alamofire: 1c4fb5369c3fe93d2857c780d8bbe09f06f97e7c
  CocoaMQTT: 43666585403f664bb55361189c03c54897060324
  CryptoSwift: d81eeaa59dc5a8d03720fe919a6fd07b51f7439f
  Eureka: fadaa9fa3d6e402d3c60f78f24edf3d7bafc9c29
  JOSESwift: 7ff178bb9173ff42c6e990929a9f2fa702a34f69
  MqttCocoaAsyncSocket: 77d3b74f76228dd5a05d1f9526eab101d415b30c
  PercentEncoder: 40a4d727ebeda2a6ec77bf34fa620cc4b5845488
  PinOnMobile-lib: 619fd63e6ee23ef65d6fd81ee9c4ad0a26ae07c3
  SwiftyRSA: 6e528fb1b1a87d5111c48081083b141d6d65f1cf

PODFILE CHECKSUM: fa21ee32793d49dc7fdfa4e86bc9866a6cede820

COCOAPODS: 1.11.3
